// !$*UTF8*$!
{
	archiveVersion = 1;
	classes = {
	};
	objectVersion = 46;
	objects = {

/* Begin PBXBuildFile section */
		D933A1CA1F7AD22E00CED02E /* AppDelegate.swift in Sources */ = {isa = PBXBuildFile; fileRef = D933A1C91F7AD22E00CED02E /* AppDelegate.swift */; };
		D933A1CC1F7AD22E00CED02E /* ViewController.swift in Sources */ = {isa = PBXBuildFile; fileRef = D933A1CB1F7AD22E00CED02E /* ViewController.swift */; };
		D933A1CF1F7AD22E00CED02E /* Main.storyboard in Resources */ = {isa = PBXBuildFile; fileRef = D933A1CD1F7AD22E00CED02E /* Main.storyboard */; };
		D933A1D21F7AD22E00CED02E /* ForeverProject.xcdatamodeld in Sources */ = {isa = PBXBuildFile; fileRef = D933A1D01F7AD22E00CED02E /* ForeverProject.xcdatamodeld */; };
		D933A1D41F7AD22E00CED02E /* Assets.xcassets in Resources */ = {isa = PBXBuildFile; fileRef = D933A1D31F7AD22E00CED02E /* Assets.xcassets */; };
		D933A1D71F7AD22E00CED02E /* LaunchScreen.storyboard in Resources */ = {isa = PBXBuildFile; fileRef = D933A1D51F7AD22E00CED02E /* LaunchScreen.storyboard */; };
		D933A1E21F7AD22E00CED02E /* ForeverProjectTests.swift in Sources */ = {isa = PBXBuildFile; fileRef = D933A1E11F7AD22E00CED02E /* ForeverProjectTests.swift */; };
		D933A1ED1F7AD22E00CED02E /* ForeverProjectUITests.swift in Sources */ = {isa = PBXBuildFile; fileRef = D933A1EC1F7AD22E00CED02E /* ForeverProjectUITests.swift */; };
/* End PBXBuildFile section */

/* Begin PBXContainerItemProxy section */
		D933A1DE1F7AD22E00CED02E /* PBXContainerItemProxy */ = {
			isa = PBXContainerItemProxy;
			containerPortal = D933A1BE1F7AD22E00CED02E /* Project object */;
			proxyType = 1;
			remoteGlobalIDString = D933A1C51F7AD22E00CED02E;
			remoteInfo = ForeverProject;
		};
		D933A1E91F7AD22E00CED02E /* PBXContainerItemProxy */ = {
			isa = PBXContainerItemProxy;
			containerPortal = D933A1BE1F7AD22E00CED02E /* Project object */;
			proxyType = 1;
			remoteGlobalIDString = D933A1C51F7AD22E00CED02E;
			remoteInfo = ForeverProject;
		};
/* End PBXContainerItemProxy section */

/* Begin PBXFileReference section */
		D933A1C61F7AD22E00CED02E /* ForeverProject.app */ = {isa = PBXFileReference; explicitFileType = wrapper.application; includeInIndex = 0; path = ForeverProject.app; sourceTree = BUILT_PRODUCTS_DIR; };
		D933A1C91F7AD22E00CED02E /* AppDelegate.swift */ = {isa = PBXFileReference; lastKnownFileType = sourcecode.swift; path = AppDelegate.swift; sourceTree = "<group>"; };
		D933A1CB1F7AD22E00CED02E /* ViewController.swift */ = {isa = PBXFileReference; lastKnownFileType = sourcecode.swift; path = ViewController.swift; sourceTree = "<group>"; };
		D933A1CE1F7AD22E00CED02E /* Base */ = {isa = PBXFileReference; lastKnownFileType = file.storyboard; name = Base; path = Base.lproj/Main.storyboard; sourceTree = "<group>"; };
		D933A1D11F7AD22E00CED02E /* ForeverProject.xcdatamodel */ = {isa = PBXFileReference; lastKnownFileType = wrapper.xcdatamodel; path = ForeverProject.xcdatamodel; sourceTree = "<group>"; };
		D933A1D31F7AD22E00CED02E /* Assets.xcassets */ = {isa = PBXFileReference; lastKnownFileType = folder.assetcatalog; path = Assets.xcassets; sourceTree = "<group>"; };
		D933A1D61F7AD22E00CED02E /* Base */ = {isa = PBXFileReference; lastKnownFileType = file.storyboard; name = Base; path = Base.lproj/LaunchScreen.storyboard; sourceTree = "<group>"; };
		D933A1D81F7AD22E00CED02E /* Info.plist */ = {isa = PBXFileReference; lastKnownFileType = text.plist.xml; path = Info.plist; sourceTree = "<group>"; };
		D933A1DD1F7AD22E00CED02E /* ForeverProjectTests.xctest */ = {isa = PBXFileReference; explicitFileType = wrapper.cfbundle; includeInIndex = 0; path = ForeverProjectTests.xctest; sourceTree = BUILT_PRODUCTS_DIR; };
		D933A1E11F7AD22E00CED02E /* ForeverProjectTests.swift */ = {isa = PBXFileReference; lastKnownFileType = sourcecode.swift; path = ForeverProjectTests.swift; sourceTree = "<group>"; };
		D933A1E31F7AD22E00CED02E /* Info.plist */ = {isa = PBXFileReference; lastKnownFileType = text.plist.xml; path = Info.plist; sourceTree = "<group>"; };
		D933A1E81F7AD22E00CED02E /* ForeverProjectUITests.xctest */ = {isa = PBXFileReference; explicitFileType = wrapper.cfbundle; includeInIndex = 0; path = ForeverProjectUITests.xctest; sourceTree = BUILT_PRODUCTS_DIR; };
		D933A1EC1F7AD22E00CED02E /* ForeverProjectUITests.swift */ = {isa = PBXFileReference; lastKnownFileType = sourcecode.swift; path = ForeverProjectUITests.swift; sourceTree = "<group>"; };
		D933A1EE1F7AD22E00CED02E /* Info.plist */ = {isa = PBXFileReference; lastKnownFileType = text.plist.xml; path = Info.plist; sourceTree = "<group>"; };
/* End PBXFileReference section */

/* Begin PBXFrameworksBuildPhase section */
		D933A1C31F7AD22E00CED02E /* Frameworks */ = {
			isa = PBXFrameworksBuildPhase;
			buildActionMask = 2147483647;
			files = (
			);
			runOnlyForDeploymentPostprocessing = 0;
		};
		D933A1DA1F7AD22E00CED02E /* Frameworks */ = {
			isa = PBXFrameworksBuildPhase;
			buildActionMask = 2147483647;
			files = (
			);
			runOnlyForDeploymentPostprocessing = 0;
		};
		D933A1E51F7AD22E00CED02E /* Frameworks */ = {
			isa = PBXFrameworksBuildPhase;
			buildActionMask = 2147483647;
			files = (
			);
			runOnlyForDeploymentPostprocessing = 0;
		};
/* End PBXFrameworksBuildPhase section */

/* Begin PBXGroup section */
		D933A1BD1F7AD22E00CED02E = {
			isa = PBXGroup;
			children = (
				D933A1C81F7AD22E00CED02E /* ForeverProject */,
				D933A1E01F7AD22E00CED02E /* ForeverProjectTests */,
				D933A1EB1F7AD22E00CED02E /* ForeverProjectUITests */,
				D933A1C71F7AD22E00CED02E /* Products */,
			);
			sourceTree = "<group>";
		};
		D933A1C71F7AD22E00CED02E /* Products */ = {
			isa = PBXGroup;
			children = (
				D933A1C61F7AD22E00CED02E /* ForeverProject.app */,
				D933A1DD1F7AD22E00CED02E /* ForeverProjectTests.xctest */,
				D933A1E81F7AD22E00CED02E /* ForeverProjectUITests.xctest */,
			);
			name = Products;
			sourceTree = "<group>";
		};
		D933A1C81F7AD22E00CED02E /* ForeverProject */ = {
			isa = PBXGroup;
			children = (
				D933A1C91F7AD22E00CED02E /* AppDelegate.swift */,
				D933A1CB1F7AD22E00CED02E /* ViewController.swift */,
				D933A1CD1F7AD22E00CED02E /* Main.storyboard */,
				D933A1D31F7AD22E00CED02E /* Assets.xcassets */,
				D933A1D51F7AD22E00CED02E /* LaunchScreen.storyboard */,
				D933A1D81F7AD22E00CED02E /* Info.plist */,
				D933A1D01F7AD22E00CED02E /* ForeverProject.xcdatamodeld */,
			);
			path = ForeverProject;
			sourceTree = "<group>";
		};
		D933A1E01F7AD22E00CED02E /* ForeverProjectTests */ = {
			isa = PBXGroup;
			children = (
				D933A1E11F7AD22E00CED02E /* ForeverProjectTests.swift */,
				D933A1E31F7AD22E00CED02E /* Info.plist */,
			);
			path = ForeverProjectTests;
			sourceTree = "<group>";
		};
		D933A1EB1F7AD22E00CED02E /* ForeverProjectUITests */ = {
			isa = PBXGroup;
			children = (
				D933A1EC1F7AD22E00CED02E /* ForeverProjectUITests.swift */,
				D933A1EE1F7AD22E00CED02E /* Info.plist */,
			);
			path = ForeverProjectUITests;
			sourceTree = "<group>";
		};
/* End PBXGroup section */

/* Begin PBXNativeTarget section */
		D933A1C51F7AD22E00CED02E /* ForeverProject */ = {
			isa = PBXNativeTarget;
			buildConfigurationList = D933A1F11F7AD22E00CED02E /* Build configuration list for PBXNativeTarget "ForeverProject" */;
			buildPhases = (
				D933A1C21F7AD22E00CED02E /* Sources */,
				D933A1C31F7AD22E00CED02E /* Frameworks */,
				D933A1C41F7AD22E00CED02E /* Resources */,
			);
			buildRules = (
			);
			dependencies = (
			);
			name = ForeverProject;
			productName = ForeverProject;
			productReference = D933A1C61F7AD22E00CED02E /* ForeverProject.app */;
			productType = "com.apple.product-type.application";
		};
		D933A1DC1F7AD22E00CED02E /* ForeverProjectTests */ = {
			isa = PBXNativeTarget;
			buildConfigurationList = D933A1F41F7AD22E00CED02E /* Build configuration list for PBXNativeTarget "ForeverProjectTests" */;
			buildPhases = (
				D933A1D91F7AD22E00CED02E /* Sources */,
				D933A1DA1F7AD22E00CED02E /* Frameworks */,
				D933A1DB1F7AD22E00CED02E /* Resources */,
			);
			buildRules = (
			);
			dependencies = (
				D933A1DF1F7AD22E00CED02E /* PBXTargetDependency */,
			);
			name = ForeverProjectTests;
			productName = ForeverProjectTests;
			productReference = D933A1DD1F7AD22E00CED02E /* ForeverProjectTests.xctest */;
			productType = "com.apple.product-type.bundle.unit-test";
		};
		D933A1E71F7AD22E00CED02E /* ForeverProjectUITests */ = {
			isa = PBXNativeTarget;
			buildConfigurationList = D933A1F71F7AD22E00CED02E /* Build configuration list for PBXNativeTarget "ForeverProjectUITests" */;
			buildPhases = (
				D933A1E41F7AD22E00CED02E /* Sources */,
				D933A1E51F7AD22E00CED02E /* Frameworks */,
				D933A1E61F7AD22E00CED02E /* Resources */,
			);
			buildRules = (
			);
			dependencies = (
				D933A1EA1F7AD22E00CED02E /* PBXTargetDependency */,
			);
			name = ForeverProjectUITests;
			productName = ForeverProjectUITests;
			productReference = D933A1E81F7AD22E00CED02E /* ForeverProjectUITests.xctest */;
			productType = "com.apple.product-type.bundle.ui-testing";
		};
/* End PBXNativeTarget section */

/* Begin PBXProject section */
		D933A1BE1F7AD22E00CED02E /* Project object */ = {
			isa = PBXProject;
			attributes = {
				LastSwiftUpdateCheck = 0830;
				LastUpgradeCheck = 0830;
				ORGANIZATIONNAME = ruth;
				TargetAttributes = {
					D933A1C51F7AD22E00CED02E = {
						CreatedOnToolsVersion = 8.3.3;
						ProvisioningStyle = Automatic;
					};
					D933A1DC1F7AD22E00CED02E = {
						CreatedOnToolsVersion = 8.3.3;
						ProvisioningStyle = Automatic;
						TestTargetID = D933A1C51F7AD22E00CED02E;
					};
					D933A1E71F7AD22E00CED02E = {
						CreatedOnToolsVersion = 8.3.3;
						ProvisioningStyle = Automatic;
						TestTargetID = D933A1C51F7AD22E00CED02E;
					};
				};
			};
			buildConfigurationList = D933A1C11F7AD22E00CED02E /* Build configuration list for PBXProject "ForeverProject" */;
			compatibilityVersion = "Xcode 3.2";
			developmentRegion = English;
			hasScannedForEncodings = 0;
			knownRegions = (
				en,
				Base,
			);
			mainGroup = D933A1BD1F7AD22E00CED02E;
			productRefGroup = D933A1C71F7AD22E00CED02E /* Products */;
			projectDirPath = "";
			projectRoot = "";
			targets = (
				D933A1C51F7AD22E00CED02E /* ForeverProject */,
				D933A1DC1F7AD22E00CED02E /* ForeverProjectTests */,
				D933A1E71F7AD22E00CED02E /* ForeverProjectUITests */,
			);
		};
/* End PBXProject section */

/* Begin PBXResourcesBuildPhase section */
		D933A1C41F7AD22E00CED02E /* Resources */ = {
			isa = PBXResourcesBuildPhase;
			buildActionMask = 2147483647;
			files = (
				D933A1D71F7AD22E00CED02E /* LaunchScreen.storyboard in Resources */,
				D933A1D41F7AD22E00CED02E /* Assets.xcassets in Resources */,
				D933A1CF1F7AD22E00CED02E /* Main.storyboard in Resources */,
			);
			runOnlyForDeploymentPostprocessing = 0;
		};
		D933A1DB1F7AD22E00CED02E /* Resources */ = {
			isa = PBXResourcesBuildPhase;
			buildActionMask = 2147483647;
			files = (
			);
			runOnlyForDeploymentPostprocessing = 0;
		};
		D933A1E61F7AD22E00CED02E /* Resources */ = {
			isa = PBXResourcesBuildPhase;
			buildActionMask = 2147483647;
			files = (
			);
			runOnlyForDeploymentPostprocessing = 0;
		};
/* End PBXResourcesBuildPhase section */

/* Begin PBXSourcesBuildPhase section */
		D933A1C21F7AD22E00CED02E /* Sources */ = {
			isa = PBXSourcesBuildPhase;
			buildActionMask = 2147483647;
			files = (
				D933A1CC1F7AD22E00CED02E /* ViewController.swift in Sources */,
				D933A1CA1F7AD22E00CED02E /* AppDelegate.swift in Sources */,
				D933A1D21F7AD22E00CED02E /* ForeverProject.xcdatamodeld in Sources */,
			);
			runOnlyForDeploymentPostprocessing = 0;
		};
		D933A1D91F7AD22E00CED02E /* Sources */ = {
			isa = PBXSourcesBuildPhase;
			buildActionMask = 2147483647;
			files = (
				D933A1E21F7AD22E00CED02E /* ForeverProjectTests.swift in Sources */,
			);
			runOnlyForDeploymentPostprocessing = 0;
		};
		D933A1E41F7AD22E00CED02E /* Sources */ = {
			isa = PBXSourcesBuildPhase;
			buildActionMask = 2147483647;
			files = (
				D933A1ED1F7AD22E00CED02E /* ForeverProjectUITests.swift in Sources */,
			);
			runOnlyForDeploymentPostprocessing = 0;
		};
/* End PBXSourcesBuildPhase section */

/* Begin PBXTargetDependency section */
		D933A1DF1F7AD22E00CED02E /* PBXTargetDependency */ = {
			isa = PBXTargetDependency;
			target = D933A1C51F7AD22E00CED02E /* ForeverProject */;
			targetProxy = D933A1DE1F7AD22E00CED02E /* PBXContainerItemProxy */;
		};
		D933A1EA1F7AD22E00CED02E /* PBXTargetDependency */ = {
			isa = PBXTargetDependency;
			target = D933A1C51F7AD22E00CED02E /* ForeverProject */;
			targetProxy = D933A1E91F7AD22E00CED02E /* PBXContainerItemProxy */;
		};
/* End PBXTargetDependency section */

/* Begin PBXVariantGroup section */
		D933A1CD1F7AD22E00CED02E /* Main.storyboard */ = {
			isa = PBXVariantGroup;
			children = (
				D933A1CE1F7AD22E00CED02E /* Base */,
			);
			name = Main.storyboard;
			sourceTree = "<group>";
		};
		D933A1D51F7AD22E00CED02E /* LaunchScreen.storyboard */ = {
			isa = PBXVariantGroup;
			children = (
				D933A1D61F7AD22E00CED02E /* Base */,
			);
			name = LaunchScreen.storyboard;
			sourceTree = "<group>";
		};
/* End PBXVariantGroup section */

/* Begin XCBuildConfiguration section */
		D933A1EF1F7AD22E00CED02E /* Debug */ = {
			isa = XCBuildConfiguration;
			buildSettings = {
				ALWAYS_SEARCH_USER_PATHS = NO;
				CLANG_ANALYZER_NONNULL = YES;
				CLANG_ANALYZER_NUMBER_OBJECT_CONVERSION = YES_AGGRESSIVE;
				CLANG_CXX_LANGUAGE_STANDARD = "gnu++0x";
				CLANG_CXX_LIBRARY = "libc++";
				CLANG_ENABLE_MODULES = YES;
				CLANG_ENABLE_OBJC_ARC = YES;
				CLANG_WARN_BOOL_CONVERSION = YES;
				CLANG_WARN_CONSTANT_CONVERSION = YES;
				CLANG_WARN_DIRECT_OBJC_ISA_USAGE = YES_ERROR;
				CLANG_WARN_DOCUMENTATION_COMMENTS = YES;
				CLANG_WARN_EMPTY_BODY = YES;
				CLANG_WARN_ENUM_CONVERSION = YES;
				CLANG_WARN_INFINITE_RECURSION = YES;
				CLANG_WARN_INT_CONVERSION = YES;
				CLANG_WARN_OBJC_ROOT_CLASS = YES_ERROR;
				CLANG_WARN_SUSPICIOUS_MOVE = YES;
				CLANG_WARN_UNREACHABLE_CODE = YES;
				CLANG_WARN__DUPLICATE_METHOD_MATCH = YES;
				"CODE_SIGN_IDENTITY[sdk=iphoneos*]" = "iPhone Developer";
				COPY_PHASE_STRIP = NO;
				DEBUG_INFORMATION_FORMAT = dwarf;
				ENABLE_STRICT_OBJC_MSGSEND = YES;
				ENABLE_TESTABILITY = YES;
				GCC_C_LANGUAGE_STANDARD = gnu99;
				GCC_DYNAMIC_NO_PIC = NO;
				GCC_NO_COMMON_BLOCKS = YES;
				GCC_OPTIMIZATION_LEVEL = 0;
				GCC_PREPROCESSOR_DEFINITIONS = (
					"DEBUG=1",
					"$(inherited)",
				);
				GCC_WARN_64_TO_32_BIT_CONVERSION = YES;
				GCC_WARN_ABOUT_RETURN_TYPE = YES_ERROR;
				GCC_WARN_UNDECLARED_SELECTOR = YES;
				GCC_WARN_UNINITIALIZED_AUTOS = YES_AGGRESSIVE;
				GCC_WARN_UNUSED_FUNCTION = YES;
				GCC_WARN_UNUSED_VARIABLE = YES;
				IPHONEOS_DEPLOYMENT_TARGET = 10.3;
				MTL_ENABLE_DEBUG_INFO = YES;
				ONLY_ACTIVE_ARCH = YES;
				SDKROOT = iphoneos;
				SWIFT_ACTIVE_COMPILATION_CONDITIONS = DEBUG;
				SWIFT_OPTIMIZATION_LEVEL = "-Onone";
				TARGETED_DEVICE_FAMILY = "1,2";
			};
			name = Debug;
		};
		D933A1F01F7AD22E00CED02E /* Release */ = {
			isa = XCBuildConfiguration;
			buildSettings = {
				ALWAYS_SEARCH_USER_PATHS = NO;
				CLANG_ANALYZER_NONNULL = YES;
				CLANG_ANALYZER_NUMBER_OBJECT_CONVERSION = YES_AGGRESSIVE;
				CLANG_CXX_LANGUAGE_STANDARD = "gnu++0x";
				CLANG_CXX_LIBRARY = "libc++";
				CLANG_ENABLE_MODULES = YES;
				CLANG_ENABLE_OBJC_ARC = YES;
				CLANG_WARN_BOOL_CONVERSION = YES;
				CLANG_WARN_CONSTANT_CONVERSION = YES;
				CLANG_WARN_DIRECT_OBJC_ISA_USAGE = YES_ERROR;
				CLANG_WARN_DOCUMENTATION_COMMENTS = YES;
				CLANG_WARN_EMPTY_BODY = YES;
				CLANG_WARN_ENUM_CONVERSION = YES;
				CLANG_WARN_INFINITE_RECURSION = YES;
				CLANG_WARN_INT_CONVERSION = YES;
				CLANG_WARN_OBJC_ROOT_CLASS = YES_ERROR;
				CLANG_WARN_SUSPICIOUS_MOVE = YES;
				CLANG_WARN_UNREACHABLE_CODE = YES;
				CLANG_WARN__DUPLICATE_METHOD_MATCH = YES;
				"CODE_SIGN_IDENTITY[sdk=iphoneos*]" = "iPhone Developer";
				COPY_PHASE_STRIP = NO;
				DEBUG_INFORMATION_FORMAT = "dwarf-with-dsym";
				ENABLE_NS_ASSERTIONS = NO;
				ENABLE_STRICT_OBJC_MSGSEND = YES;
				GCC_C_LANGUAGE_STANDARD = gnu99;
				GCC_NO_COMMON_BLOCKS = YES;
				GCC_WARN_64_TO_32_BIT_CONVERSION = YES;
				GCC_WARN_ABOUT_RETURN_TYPE = YES_ERROR;
				GCC_WARN_UNDECLARED_SELECTOR = YES;
				GCC_WARN_UNINITIALIZED_AUTOS = YES_AGGRESSIVE;
				GCC_WARN_UNUSED_FUNCTION = YES;
				GCC_WARN_UNUSED_VARIABLE = YES;
				IPHONEOS_DEPLOYMENT_TARGET = 10.3;
				MTL_ENABLE_DEBUG_INFO = NO;
				SDKROOT = iphoneos;
				SWIFT_OPTIMIZATION_LEVEL = "-Owholemodule";
				TARGETED_DEVICE_FAMILY = "1,2";
				VALIDATE_PRODUCT = YES;
			};
			name = Release;
		};
		D933A1F21F7AD22E00CED02E /* Debug */ = {
			isa = XCBuildConfiguration;
			buildSettings = {
				ASSETCATALOG_COMPILER_APPICON_NAME = AppIcon;
				INFOPLIST_FILE = ForeverProject/Info.plist;
				LD_RUNPATH_SEARCH_PATHS = "$(inherited) @executable_path/Frameworks";
				PRODUCT_BUNDLE_IDENTIFIER = ruth.ForeverProject;
				PRODUCT_NAME = "$(TARGET_NAME)";
				SWIFT_VERSION = 3.0;
			};
			name = Debug;
		};
		D933A1F31F7AD22E00CED02E /* Release */ = {
			isa = XCBuildConfiguration;
			buildSettings = {
				ASSETCATALOG_COMPILER_APPICON_NAME = AppIcon;
				INFOPLIST_FILE = ForeverProject/Info.plist;
				LD_RUNPATH_SEARCH_PATHS = "$(inherited) @executable_path/Frameworks";
				PRODUCT_BUNDLE_IDENTIFIER = ruth.ForeverProject;
				PRODUCT_NAME = "$(TARGET_NAME)";
				SWIFT_VERSION = 3.0;
			};
			name = Release;
		};
		D933A1F51F7AD22E00CED02E /* Debug */ = {
			isa = XCBuildConfiguration;
			buildSettings = {
				ALWAYS_EMBED_SWIFT_STANDARD_LIBRARIES = YES;
				BUNDLE_LOADER = "$(TEST_HOST)";
				INFOPLIST_FILE = ForeverProjectTests/Info.plist;
				LD_RUNPATH_SEARCH_PATHS = "$(inherited) @executable_path/Frameworks @loader_path/Frameworks";
				PRODUCT_BUNDLE_IDENTIFIER = ruth.ForeverProjectTests;
				PRODUCT_NAME = "$(TARGET_NAME)";
				SWIFT_VERSION = 3.0;
				TEST_HOST = "$(BUILT_PRODUCTS_DIR)/ForeverProject.app/ForeverProject";
			};
			name = Debug;
		};
		D933A1F61F7AD22E00CED02E /* Release */ = {
			isa = XCBuildConfiguration;
			buildSettings = {
				ALWAYS_EMBED_SWIFT_STANDARD_LIBRARIES = YES;
				BUNDLE_LOADER = "$(TEST_HOST)";
				INFOPLIST_FILE = ForeverProjectTests/Info.plist;
				LD_RUNPATH_SEARCH_PATHS = "$(inherited) @executable_path/Frameworks @loader_path/Frameworks";
				PRODUCT_BUNDLE_IDENTIFIER = ruth.ForeverProjectTests;
				PRODUCT_NAME = "$(TARGET_NAME)";
				SWIFT_VERSION = 3.0;
				TEST_HOST = "$(BUILT_PRODUCTS_DIR)/ForeverProject.app/ForeverProject";
			};
			name = Release;
		};
		D933A1F81F7AD22E00CED02E /* Debug */ = {
			isa = XCBuildConfiguration;
			buildSettings = {
				ALWAYS_EMBED_SWIFT_STANDARD_LIBRARIES = YES;
				INFOPLIST_FILE = ForeverProjectUITests/Info.plist;
				LD_RUNPATH_SEARCH_PATHS = "$(inherited) @executable_path/Frameworks @loader_path/Frameworks";
				PRODUCT_BUNDLE_IDENTIFIER = ruth.ForeverProjectUITests;
				PRODUCT_NAME = "$(TARGET_NAME)";
				SWIFT_VERSION = 3.0;
				TEST_TARGET_NAME = ForeverProject;
			};
			name = Debug;
		};
		D933A1F91F7AD22E00CED02E /* Release */ = {
			isa = XCBuildConfiguration;
			buildSettings = {
				ALWAYS_EMBED_SWIFT_STANDARD_LIBRARIES = YES;
				INFOPLIST_FILE = ForeverProjectUITests/Info.plist;
				LD_RUNPATH_SEARCH_PATHS = "$(inherited) @executable_path/Frameworks @loader_path/Frameworks";
				PRODUCT_BUNDLE_IDENTIFIER = ruth.ForeverProjectUITests;
				PRODUCT_NAME = "$(TARGET_NAME)";
				SWIFT_VERSION = 3.0;
				TEST_TARGET_NAME = ForeverProject;
			};
			name = Release;
		};
/* End XCBuildConfiguration section */

/* Begin XCConfigurationList section */
		D933A1C11F7AD22E00CED02E /* Build configuration list for PBXProject "ForeverProject" */ = {
			isa = XCConfigurationList;
			buildConfigurations = (
				D933A1EF1F7AD22E00CED02E /* Debug */,
				D933A1F01F7AD22E00CED02E /* Release */,
			);
			defaultConfigurationIsVisible = 0;
			defaultConfigurationName = Release;
		};
		D933A1F11F7AD22E00CED02E /* Build configuration list for PBXNativeTarget "ForeverProject" */ = {
			isa = XCConfigurationList;
			buildConfigurations = (
				D933A1F21F7AD22E00CED02E /* Debug */,
				D933A1F31F7AD22E00CED02E /* Release */,
			);
			defaultConfigurationIsVisible = 0;
		};
		D933A1F41F7AD22E00CED02E /* Build configuration list for PBXNativeTarget "ForeverProjectTests" */ = {
			isa = XCConfigurationList;
			buildConfigurations = (
				D933A1F51F7AD22E00CED02E /* Debug */,
				D933A1F61F7AD22E00CED02E /* Release */,
			);
			defaultConfigurationIsVisible = 0;
		};
		D933A1F71F7AD22E00CED02E /* Build configuration list for PBXNativeTarget "ForeverProjectUITests" */ = {
			isa = XCConfigurationList;
			buildConfigurations = (
				D933A1F81F7AD22E00CED02E /* Debug */,
				D933A1F91F7AD22E00CED02E /* Release */,
			);
			defaultConfigurationIsVisible = 0;
		};
/* End XCConfigurationList section */

/* Begin XCVersionGroup section */
		D933A1D01F7AD22E00CED02E /* ForeverProject.xcdatamodeld */ = {
			isa = XCVersionGroup;
			children = (
				D933A1D11F7AD22E00CED02E /* ForeverProject.xcdatamodel */,
			);
			currentVersion = D933A1D11F7AD22E00CED02E /* ForeverProject.xcdatamodel */;
			path = ForeverProject.xcdatamodeld;
			sourceTree = "<group>";
			versionGroupType = wrapper.xcdatamodel;
		};
/* End XCVersionGroup section */
	};
	rootObject = D933A1BE1F7AD22E00CED02E /* Project object */;
}
